
Microsoft Visual Studio Solution File, Format Version 9.00
# Visual Studio 2005
Project("{FAE04EC0-301F-11D3-BF4B-00C04F79EFBC}") = "Tetris", "Tetris.csproj", "{070DC591-D61C-49AF-8DA7-BD38C554C30B}"
EndProject
Global
	GlobalSection(SolutionConfigurationPlatforms) = preSolution
		Debug|Any CPU = Debug|Any CPU
		Release|Any CPU = Release|Any CPU
	EndGlobalSection
	GlobalSection(ProjectConfigurationPlatforms) = postSolution
		{070DC591-D61C-49AF-8DA7-BD38C554C30B}.Debug|Any CPU.ActiveCfg = Debug|Any CPU
		{070DC591-D61C-49AF-8DA7-BD38C554C30B}.Debug|Any CPU.Build.0 = Debug|Any CPU
		{070DC591-D61C-49AF-8DA7-BD38C554C30B}.Release|Any CPU.ActiveCfg = Release|Any CPU
		{070DC591-D61C-49AF-8DA7-BD38C554C30B}.Release|Any CPU.Build.0 = Release|Any CPU
	EndGlobalSection
	GlobalSection(SolutionProperties) = preSolution
		HideSolutionNode = FALSE
	EndGlobalSection
EndGlobal
